
Microsoft Visual Studio Solution File, Format Version 12.00
# Visual Studio Version 17
VisualStudioVersion = 17.4.33205.214
MinimumVisualStudioVersion = 10.0.40219.1
Project("{FAE04EC0-301F-11D3-BF4B-00C04F79EFBC}") = "SEI-LOGIN", "SEI-LOGIN\SEI-LOGIN.csproj", "{954FC73A-9CFF-4C6D-B181-47EA2B1E079F}"
EndProject
Global
	GlobalSection(SolutionConfigurationPlatforms) = preSolution
		Debug|Any CPU = Debug|Any CPU
		Release|Any CPU = Release|Any CPU
	EndGlobalSection
	GlobalSection(ProjectConfigurationPlatforms) = postSolution
		{954FC73A-9CFF-4C6D-B181-47EA2B1E079F}.Debug|Any CPU.ActiveCfg = Debug|Any CPU
		{954FC73A-9CFF-4C6D-B181-47EA2B1E079F}.Debug|Any CPU.Build.0 = Debug|Any CPU
		{954FC73A-9CFF-4C6D-B181-47EA2B1E079F}.Release|Any CPU.ActiveCfg = Release|Any CPU
		{954FC73A-9CFF-4C6D-B181-47EA2B1E079F}.Release|Any CPU.Build.0 = Release|Any CPU
	EndGlobalSection
	GlobalSection(SolutionProperties) = preSolution
		HideSolutionNode = FALSE
	EndGlobalSection
	GlobalSection(ExtensibilityGlobals) = postSolution
		SolutionGuid = {BAA430F9-4E6C-4A78-B1EC-7A4A81230D0E}
	EndGlobalSection
EndGlobal
